
Microsoft Visual Studio Solution File, Format Version 12.00
# Visual Studio Version 17
VisualStudioVersion = 17.5.33424.131
MinimumVisualStudioVersion = 10.0.40219.1
Project("{FAE04EC0-301F-11D3-BF4B-00C04F79EFBC}") = "RetroExercise", "RetroExercise\RetroExercise.csproj", "{31B9C3A4-1E68-4649-9117-5BB9896E4A73}"
EndProject
Global
	GlobalSection(SolutionConfigurationPlatforms) = preSolution
		Debug|Any CPU = Debug|Any CPU
		Release|Any CPU = Release|Any CPU
	EndGlobalSection
	GlobalSection(ProjectConfigurationPlatforms) = postSolution
		{31B9C3A4-1E68-4649-9117-5BB9896E4A73}.Debug|Any CPU.ActiveCfg = Debug|Any CPU
		{31B9C3A4-1E68-4649-9117-5BB9896E4A73}.Debug|Any CPU.Build.0 = Debug|Any CPU
		{31B9C3A4-1E68-4649-9117-5BB9896E4A73}.Release|Any CPU.ActiveCfg = Release|Any CPU
		{31B9C3A4-1E68-4649-9117-5BB9896E4A73}.Release|Any CPU.Build.0 = Release|Any CPU
	EndGlobalSection
	GlobalSection(SolutionProperties) = preSolution
		HideSolutionNode = FALSE
	EndGlobalSection
	GlobalSection(ExtensibilityGlobals) = postSolution
		SolutionGuid = {F93F52D3-3CC7-4129-B715-374CA7546411}
	EndGlobalSection
EndGlobal
