
Microsoft Visual Studio Solution File, Format Version 12.00
# Visual Studio Version 17
VisualStudioVersion = 17.5.33414.496
MinimumVisualStudioVersion = 10.0.40219.1
Project("{9A19103F-16F7-4668-BE54-9A1E7A4F7556}") = "SEDC.Class03.StaticClasses", "SEDC.Class03\SEDC.Class03.StaticClasses.csproj", "{1CC065BA-BCAD-446A-A58A-A2AC3330744D}"
EndProject
Project("{9A19103F-16F7-4668-BE54-9A1E7A4F7556}") = "SEDC.Class03.Poly", "SEDC.Class03.Poly\SEDC.Class03.Poly.csproj", "{69857443-67DB-48E9-A7D6-77C2F5ECB246}"
EndProject
Project("{FAE04EC0-301F-11D3-BF4B-00C04F79EFBC}") = "SEDC.Class03.StaticDbDemo", "SEDC.Class03.StaticDbDemo\SEDC.Class03.StaticDbDemo.csproj", "{A9BEF27B-1916-4591-8490-C196D2EB0AE7}"
EndProject
Global
	GlobalSection(SolutionConfigurationPlatforms) = preSolution
		Debug|Any CPU = Debug|Any CPU
		Release|Any CPU = Release|Any CPU
	EndGlobalSection
	GlobalSection(ProjectConfigurationPlatforms) = postSolution
		{1CC065BA-BCAD-446A-A58A-A2AC3330744D}.Debug|Any CPU.ActiveCfg = Debug|Any CPU
		{1CC065BA-BCAD-446A-A58A-A2AC3330744D}.Debug|Any CPU.Build.0 = Debug|Any CPU
		{1CC065BA-BCAD-446A-A58A-A2AC3330744D}.Release|Any CPU.ActiveCfg = Release|Any CPU
		{1CC065BA-BCAD-446A-A58A-A2AC3330744D}.Release|Any CPU.Build.0 = Release|Any CPU
		{69857443-67DB-48E9-A7D6-77C2F5ECB246}.Debug|Any CPU.ActiveCfg = Debug|Any CPU
		{69857443-67DB-48E9-A7D6-77C2F5ECB246}.Debug|Any CPU.Build.0 = Debug|Any CPU
		{69857443-67DB-48E9-A7D6-77C2F5ECB246}.Release|Any CPU.ActiveCfg = Release|Any CPU
		{69857443-67DB-48E9-A7D6-77C2F5ECB246}.Release|Any CPU.Build.0 = Release|Any CPU
		{A9BEF27B-1916-4591-8490-C196D2EB0AE7}.Debug|Any CPU.ActiveCfg = Debug|Any CPU
		{A9BEF27B-1916-4591-8490-C196D2EB0AE7}.Debug|Any CPU.Build.0 = Debug|Any CPU
		{A9BEF27B-1916-4591-8490-C196D2EB0AE7}.Release|Any CPU.ActiveCfg = Release|Any CPU
		{A9BEF27B-1916-4591-8490-C196D2EB0AE7}.Release|Any CPU.Build.0 = Release|Any CPU
	EndGlobalSection
	GlobalSection(SolutionProperties) = preSolution
		HideSolutionNode = FALSE
	EndGlobalSection
	GlobalSection(ExtensibilityGlobals) = postSolution
		SolutionGuid = {FDB85F97-E882-4422-BF52-F2395FA8AD7B}
	EndGlobalSection
EndGlobal
