
Microsoft Visual Studio Solution File, Format Version 12.00
# Visual Studio Version 17
VisualStudioVersion = 17.2.32630.192
MinimumVisualStudioVersion = 10.0.40219.1
Project("{FAE04EC0-301F-11D3-BF4B-00C04F79EFBC}") = "SEDC.Class10.Nullable.Domain", "SEDC.Class10.Nullable.Domain\SEDC.Class10.Nullable.Domain.csproj", "{CF345B62-EAC2-454A-A344-4A83E9BECD00}"
EndProject
Project("{FAE04EC0-301F-11D3-BF4B-00C04F79EFBC}") = "SEDC.Class10.Nullable", "SEDC.Class10.Nullable\SEDC.Class10.Nullable.csproj", "{7D172012-975A-4ABB-BC42-7CA4B92846EF}"
EndProject
Global
	GlobalSection(SolutionConfigurationPlatforms) = preSolution
		Debug|Any CPU = Debug|Any CPU
		Release|Any CPU = Release|Any CPU
	EndGlobalSection
	GlobalSection(ProjectConfigurationPlatforms) = postSolution
		{CF345B62-EAC2-454A-A344-4A83E9BECD00}.Debug|Any CPU.ActiveCfg = Debug|Any CPU
		{CF345B62-EAC2-454A-A344-4A83E9BECD00}.Debug|Any CPU.Build.0 = Debug|Any CPU
		{CF345B62-EAC2-454A-A344-4A83E9BECD00}.Release|Any CPU.ActiveCfg = Release|Any CPU
		{CF345B62-EAC2-454A-A344-4A83E9BECD00}.Release|Any CPU.Build.0 = Release|Any CPU
		{7D172012-975A-4ABB-BC42-7CA4B92846EF}.Debug|Any CPU.ActiveCfg = Debug|Any CPU
		{7D172012-975A-4ABB-BC42-7CA4B92846EF}.Debug|Any CPU.Build.0 = Debug|Any CPU
		{7D172012-975A-4ABB-BC42-7CA4B92846EF}.Release|Any CPU.ActiveCfg = Release|Any CPU
		{7D172012-975A-4ABB-BC42-7CA4B92846EF}.Release|Any CPU.Build.0 = Release|Any CPU
	EndGlobalSection
	GlobalSection(SolutionProperties) = preSolution
		HideSolutionNode = FALSE
	EndGlobalSection
	GlobalSection(ExtensibilityGlobals) = postSolution
		SolutionGuid = {1AC881AA-D6F6-4D5A-9F78-EE56C5686F96}
	EndGlobalSection
EndGlobal
