
Microsoft Visual Studio Solution File, Format Version 12.00
# Visual Studio Version 17
VisualStudioVersion = 17.5.33424.131
MinimumVisualStudioVersion = 10.0.40219.1
Project("{FAE04EC0-301F-11D3-BF4B-00C04F79EFBC}") = "Generics", "Generics\Generics.csproj", "{09947DE4-351D-4F34-98B3-0F6409D53B2B}"
EndProject
Project("{FAE04EC0-301F-11D3-BF4B-00C04F79EFBC}") = "Generics.Domain", "Generics.Domain\Generics.Domain.csproj", "{F1E8C1F7-3C0F-4638-A4A5-F23C70779C43}"
EndProject
Global
	GlobalSection(SolutionConfigurationPlatforms) = preSolution
		Debug|Any CPU = Debug|Any CPU
		Release|Any CPU = Release|Any CPU
	EndGlobalSection
	GlobalSection(ProjectConfigurationPlatforms) = postSolution
		{09947DE4-351D-4F34-98B3-0F6409D53B2B}.Debug|Any CPU.ActiveCfg = Debug|Any CPU
		{09947DE4-351D-4F34-98B3-0F6409D53B2B}.Debug|Any CPU.Build.0 = Debug|Any CPU
		{09947DE4-351D-4F34-98B3-0F6409D53B2B}.Release|Any CPU.ActiveCfg = Release|Any CPU
		{09947DE4-351D-4F34-98B3-0F6409D53B2B}.Release|Any CPU.Build.0 = Release|Any CPU
		{F1E8C1F7-3C0F-4638-A4A5-F23C70779C43}.Debug|Any CPU.ActiveCfg = Debug|Any CPU
		{F1E8C1F7-3C0F-4638-A4A5-F23C70779C43}.Debug|Any CPU.Build.0 = Debug|Any CPU
		{F1E8C1F7-3C0F-4638-A4A5-F23C70779C43}.Release|Any CPU.ActiveCfg = Release|Any CPU
		{F1E8C1F7-3C0F-4638-A4A5-F23C70779C43}.Release|Any CPU.Build.0 = Release|Any CPU
	EndGlobalSection
	GlobalSection(SolutionProperties) = preSolution
		HideSolutionNode = FALSE
	EndGlobalSection
	GlobalSection(ExtensibilityGlobals) = postSolution
		SolutionGuid = {591788CA-B0A7-405A-956A-28D61466E1B6}
	EndGlobalSection
EndGlobal
