
Microsoft Visual Studio Solution File, Format Version 12.00
# Visual Studio Version 17
VisualStudioVersion = 17.5.33424.131
MinimumVisualStudioVersion = 10.0.40219.1
Project("{FAE04EC0-301F-11D3-BF4B-00C04F79EFBC}") = "SerializationDeserialization", "SerializationDeserialization\SerializationDeserialization.csproj", "{9D452974-63BD-451B-8C7E-F57167ABF741}"
EndProject
Global
	GlobalSection(SolutionConfigurationPlatforms) = preSolution
		Debug|Any CPU = Debug|Any CPU
		Release|Any CPU = Release|Any CPU
	EndGlobalSection
	GlobalSection(ProjectConfigurationPlatforms) = postSolution
		{9D452974-63BD-451B-8C7E-F57167ABF741}.Debug|Any CPU.ActiveCfg = Debug|Any CPU
		{9D452974-63BD-451B-8C7E-F57167ABF741}.Debug|Any CPU.Build.0 = Debug|Any CPU
		{9D452974-63BD-451B-8C7E-F57167ABF741}.Release|Any CPU.ActiveCfg = Release|Any CPU
		{9D452974-63BD-451B-8C7E-F57167ABF741}.Release|Any CPU.Build.0 = Release|Any CPU
	EndGlobalSection
	GlobalSection(SolutionProperties) = preSolution
		HideSolutionNode = FALSE
	EndGlobalSection
	GlobalSection(ExtensibilityGlobals) = postSolution
		SolutionGuid = {259CFD90-CBDE-4E0A-A031-1BB632A21E3D}
	EndGlobalSection
EndGlobal
