
Microsoft Visual Studio Solution File, Format Version 12.00
# Visual Studio Version 17
VisualStudioVersion = 17.5.33414.496
MinimumVisualStudioVersion = 10.0.40219.1
Project("{FAE04EC0-301F-11D3-BF4B-00C04F79EFBC}") = "Class01_Task03", "Class01_Task03\Class01_Task03.csproj", "{C3F9F43B-8F76-4588-BCE9-76EF264EEF2A}"
EndProject
Global
	GlobalSection(SolutionConfigurationPlatforms) = preSolution
		Debug|Any CPU = Debug|Any CPU
		Release|Any CPU = Release|Any CPU
	EndGlobalSection
	GlobalSection(ProjectConfigurationPlatforms) = postSolution
		{C3F9F43B-8F76-4588-BCE9-76EF264EEF2A}.Debug|Any CPU.ActiveCfg = Debug|Any CPU
		{C3F9F43B-8F76-4588-BCE9-76EF264EEF2A}.Debug|Any CPU.Build.0 = Debug|Any CPU
		{C3F9F43B-8F76-4588-BCE9-76EF264EEF2A}.Release|Any CPU.ActiveCfg = Release|Any CPU
		{C3F9F43B-8F76-4588-BCE9-76EF264EEF2A}.Release|Any CPU.Build.0 = Release|Any CPU
	EndGlobalSection
	GlobalSection(SolutionProperties) = preSolution
		HideSolutionNode = FALSE
	EndGlobalSection
	GlobalSection(ExtensibilityGlobals) = postSolution
		SolutionGuid = {72D81814-A331-46F1-ACA2-77917F81C048}
	EndGlobalSection
EndGlobal
