
Microsoft Visual Studio Solution File, Format Version 12.00
# Visual Studio Version 17
VisualStudioVersion = 17.5.33414.496
MinimumVisualStudioVersion = 10.0.40219.1
Project("{FAE04EC0-301F-11D3-BF4B-00C04F79EFBC}") = "Class09_StreamsDemo", "Class09_StreamsDemo\Class09_StreamsDemo.csproj", "{303C589E-AA04-41CE-96EC-D1856509C454}"
EndProject
Project("{FAE04EC0-301F-11D3-BF4B-00C04F79EFBC}") = "Class09_LoggerDemo", "Class09_LoggerDemo\Class09_LoggerDemo.csproj", "{06E1741D-331D-45FC-8636-C769B12896B2}"
EndProject
Global
	GlobalSection(SolutionConfigurationPlatforms) = preSolution
		Debug|Any CPU = Debug|Any CPU
		Release|Any CPU = Release|Any CPU
	EndGlobalSection
	GlobalSection(ProjectConfigurationPlatforms) = postSolution
		{303C589E-AA04-41CE-96EC-D1856509C454}.Debug|Any CPU.ActiveCfg = Debug|Any CPU
		{303C589E-AA04-41CE-96EC-D1856509C454}.Debug|Any CPU.Build.0 = Debug|Any CPU
		{303C589E-AA04-41CE-96EC-D1856509C454}.Release|Any CPU.ActiveCfg = Release|Any CPU
		{303C589E-AA04-41CE-96EC-D1856509C454}.Release|Any CPU.Build.0 = Release|Any CPU
		{06E1741D-331D-45FC-8636-C769B12896B2}.Debug|Any CPU.ActiveCfg = Debug|Any CPU
		{06E1741D-331D-45FC-8636-C769B12896B2}.Debug|Any CPU.Build.0 = Debug|Any CPU
		{06E1741D-331D-45FC-8636-C769B12896B2}.Release|Any CPU.ActiveCfg = Release|Any CPU
		{06E1741D-331D-45FC-8636-C769B12896B2}.Release|Any CPU.Build.0 = Release|Any CPU
	EndGlobalSection
	GlobalSection(SolutionProperties) = preSolution
		HideSolutionNode = FALSE
	EndGlobalSection
	GlobalSection(ExtensibilityGlobals) = postSolution
		SolutionGuid = {AF6991DB-C1BA-411B-A941-3257AF8B1A6C}
	EndGlobalSection
EndGlobal
