
Microsoft Visual Studio Solution File, Format Version 12.00
# Visual Studio Version 17
VisualStudioVersion = 17.5.33516.290
MinimumVisualStudioVersion = 10.0.40219.1
Project("{9A19103F-16F7-4668-BE54-9A1E7A4F7556}") = "ClassExercise1", "ClassExercise1\ClassExercise1.csproj", "{43773E4A-A124-460B-A771-D463C698A2A4}"
EndProject
Project("{9A19103F-16F7-4668-BE54-9A1E7A4F7556}") = "ClassExercise2", "ClassExercise2\ClassExercise2.csproj", "{CD310017-6D26-474F-96B3-32EA14732261}"
EndProject
Global
	GlobalSection(SolutionConfigurationPlatforms) = preSolution
		Debug|Any CPU = Debug|Any CPU
		Release|Any CPU = Release|Any CPU
	EndGlobalSection
	GlobalSection(ProjectConfigurationPlatforms) = postSolution
		{43773E4A-A124-460B-A771-D463C698A2A4}.Debug|Any CPU.ActiveCfg = Debug|Any CPU
		{43773E4A-A124-460B-A771-D463C698A2A4}.Debug|Any CPU.Build.0 = Debug|Any CPU
		{43773E4A-A124-460B-A771-D463C698A2A4}.Release|Any CPU.ActiveCfg = Release|Any CPU
		{43773E4A-A124-460B-A771-D463C698A2A4}.Release|Any CPU.Build.0 = Release|Any CPU
		{CD310017-6D26-474F-96B3-32EA14732261}.Debug|Any CPU.ActiveCfg = Debug|Any CPU
		{CD310017-6D26-474F-96B3-32EA14732261}.Debug|Any CPU.Build.0 = Debug|Any CPU
		{CD310017-6D26-474F-96B3-32EA14732261}.Release|Any CPU.ActiveCfg = Release|Any CPU
		{CD310017-6D26-474F-96B3-32EA14732261}.Release|Any CPU.Build.0 = Release|Any CPU
	EndGlobalSection
	GlobalSection(SolutionProperties) = preSolution
		HideSolutionNode = FALSE
	EndGlobalSection
	GlobalSection(ExtensibilityGlobals) = postSolution
		SolutionGuid = {1BD74E3E-D4B9-462E-AF50-86750D6EF418}
	EndGlobalSection
EndGlobal
