
Microsoft Visual Studio Solution File, Format Version 12.00
# Visual Studio Version 17
VisualStudioVersion = 17.2.32602.215
MinimumVisualStudioVersion = 10.0.40219.1
Project("{FAE04EC0-301F-11D3-BF4B-00C04F79EFBC}") = "Streams", "Streams\Streams.csproj", "{1E96D3E1-17B0-468F-AD31-C3D3DCBDD4DE}"
EndProject
Project("{FAE04EC0-301F-11D3-BF4B-00C04F79EFBC}") = "Generics", "Generics\Generics.csproj", "{2AB21570-976F-432C-BEF6-4BE059CBF7DE}"
EndProject
Global
	GlobalSection(SolutionConfigurationPlatforms) = preSolution
		Debug|Any CPU = Debug|Any CPU
		Release|Any CPU = Release|Any CPU
	EndGlobalSection
	GlobalSection(ProjectConfigurationPlatforms) = postSolution
		{1E96D3E1-17B0-468F-AD31-C3D3DCBDD4DE}.Debug|Any CPU.ActiveCfg = Debug|Any CPU
		{1E96D3E1-17B0-468F-AD31-C3D3DCBDD4DE}.Debug|Any CPU.Build.0 = Debug|Any CPU
		{1E96D3E1-17B0-468F-AD31-C3D3DCBDD4DE}.Release|Any CPU.ActiveCfg = Release|Any CPU
		{1E96D3E1-17B0-468F-AD31-C3D3DCBDD4DE}.Release|Any CPU.Build.0 = Release|Any CPU
		{2AB21570-976F-432C-BEF6-4BE059CBF7DE}.Debug|Any CPU.ActiveCfg = Debug|Any CPU
		{2AB21570-976F-432C-BEF6-4BE059CBF7DE}.Debug|Any CPU.Build.0 = Debug|Any CPU
		{2AB21570-976F-432C-BEF6-4BE059CBF7DE}.Release|Any CPU.ActiveCfg = Release|Any CPU
		{2AB21570-976F-432C-BEF6-4BE059CBF7DE}.Release|Any CPU.Build.0 = Release|Any CPU
	EndGlobalSection
	GlobalSection(SolutionProperties) = preSolution
		HideSolutionNode = FALSE
	EndGlobalSection
	GlobalSection(ExtensibilityGlobals) = postSolution
		SolutionGuid = {B60E005C-B178-40B5-B451-8570A5B2DBB0}
	EndGlobalSection
EndGlobal
