
Microsoft Visual Studio Solution File, Format Version 12.00
# Visual Studio Version 17
VisualStudioVersion = 17.5.33414.496
MinimumVisualStudioVersion = 10.0.40219.1
Project("{9A19103F-16F7-4668-BE54-9A1E7A4F7556}") = "Class13_ThreadsDemo", "Class13_ThreadsDemo\Class13_ThreadsDemo.csproj", "{9E2589F7-C6CF-4C39-878D-5AA5483EEEBD}"
EndProject
Project("{9A19103F-16F7-4668-BE54-9A1E7A4F7556}") = "Class13_TasksDemo", "Class13_TasksDemo\Class13_TasksDemo.csproj", "{70681010-9FA6-453E-B9C5-6D6DDFC35CD5}"
EndProject
Project("{9A19103F-16F7-4668-BE54-9A1E7A4F7556}") = "Class13_AsyncDemo", "Class13_AsyncDemo\Class13_AsyncDemo.csproj", "{71D6C5BA-B96B-4E93-ADAC-B846B14CFC74}"
EndProject
Project("{FAE04EC0-301F-11D3-BF4B-00C04F79EFBC}") = "Class13_LotaryExercise", "Class13_LotaryExercise\Class13_LotaryExercise.csproj", "{B567A8A4-EF29-4F19-B4FB-E60CD09DD3B2}"
EndProject
Global
	GlobalSection(SolutionConfigurationPlatforms) = preSolution
		Debug|Any CPU = Debug|Any CPU
		Release|Any CPU = Release|Any CPU
	EndGlobalSection
	GlobalSection(ProjectConfigurationPlatforms) = postSolution
		{9E2589F7-C6CF-4C39-878D-5AA5483EEEBD}.Debug|Any CPU.ActiveCfg = Debug|Any CPU
		{9E2589F7-C6CF-4C39-878D-5AA5483EEEBD}.Debug|Any CPU.Build.0 = Debug|Any CPU
		{9E2589F7-C6CF-4C39-878D-5AA5483EEEBD}.Release|Any CPU.ActiveCfg = Release|Any CPU
		{9E2589F7-C6CF-4C39-878D-5AA5483EEEBD}.Release|Any CPU.Build.0 = Release|Any CPU
		{70681010-9FA6-453E-B9C5-6D6DDFC35CD5}.Debug|Any CPU.ActiveCfg = Debug|Any CPU
		{70681010-9FA6-453E-B9C5-6D6DDFC35CD5}.Debug|Any CPU.Build.0 = Debug|Any CPU
		{70681010-9FA6-453E-B9C5-6D6DDFC35CD5}.Release|Any CPU.ActiveCfg = Release|Any CPU
		{70681010-9FA6-453E-B9C5-6D6DDFC35CD5}.Release|Any CPU.Build.0 = Release|Any CPU
		{71D6C5BA-B96B-4E93-ADAC-B846B14CFC74}.Debug|Any CPU.ActiveCfg = Debug|Any CPU
		{71D6C5BA-B96B-4E93-ADAC-B846B14CFC74}.Debug|Any CPU.Build.0 = Debug|Any CPU
		{71D6C5BA-B96B-4E93-ADAC-B846B14CFC74}.Release|Any CPU.ActiveCfg = Release|Any CPU
		{71D6C5BA-B96B-4E93-ADAC-B846B14CFC74}.Release|Any CPU.Build.0 = Release|Any CPU
		{B567A8A4-EF29-4F19-B4FB-E60CD09DD3B2}.Debug|Any CPU.ActiveCfg = Debug|Any CPU
		{B567A8A4-EF29-4F19-B4FB-E60CD09DD3B2}.Debug|Any CPU.Build.0 = Debug|Any CPU
		{B567A8A4-EF29-4F19-B4FB-E60CD09DD3B2}.Release|Any CPU.ActiveCfg = Release|Any CPU
		{B567A8A4-EF29-4F19-B4FB-E60CD09DD3B2}.Release|Any CPU.Build.0 = Release|Any CPU
	EndGlobalSection
	GlobalSection(SolutionProperties) = preSolution
		HideSolutionNode = FALSE
	EndGlobalSection
	GlobalSection(ExtensibilityGlobals) = postSolution
		SolutionGuid = {932597E2-C65F-46C3-8D77-DE4A56F7109C}
	EndGlobalSection
EndGlobal
