
Microsoft Visual Studio Solution File, Format Version 12.00
# Visual Studio Version 17
VisualStudioVersion = 17.5.33530.505
MinimumVisualStudioVersion = 10.0.40219.1
Project("{9A19103F-16F7-4668-BE54-9A1E7A4F7556}") = "SEDC.Class14.GoodPractices", "SEDC.Class14.GoodPractices\SEDC.Class14.GoodPractices.csproj", "{87DF6AC0-7822-45E3-8F54-B8C0960A7725}"
EndProject
Project("{FAE04EC0-301F-11D3-BF4B-00C04F79EFBC}") = "SEDC.Class14.Principles", "SEDC.Class14.Principles\SEDC.Class14.Principles.csproj", "{AD208EA3-0858-47D8-9529-B46FB86E7C35}"
EndProject
Global
	GlobalSection(SolutionConfigurationPlatforms) = preSolution
		Debug|Any CPU = Debug|Any CPU
		Release|Any CPU = Release|Any CPU
	EndGlobalSection
	GlobalSection(ProjectConfigurationPlatforms) = postSolution
		{87DF6AC0-7822-45E3-8F54-B8C0960A7725}.Debug|Any CPU.ActiveCfg = Debug|Any CPU
		{87DF6AC0-7822-45E3-8F54-B8C0960A7725}.Debug|Any CPU.Build.0 = Debug|Any CPU
		{87DF6AC0-7822-45E3-8F54-B8C0960A7725}.Release|Any CPU.ActiveCfg = Release|Any CPU
		{87DF6AC0-7822-45E3-8F54-B8C0960A7725}.Release|Any CPU.Build.0 = Release|Any CPU
		{AD208EA3-0858-47D8-9529-B46FB86E7C35}.Debug|Any CPU.ActiveCfg = Debug|Any CPU
		{AD208EA3-0858-47D8-9529-B46FB86E7C35}.Debug|Any CPU.Build.0 = Debug|Any CPU
		{AD208EA3-0858-47D8-9529-B46FB86E7C35}.Release|Any CPU.ActiveCfg = Release|Any CPU
		{AD208EA3-0858-47D8-9529-B46FB86E7C35}.Release|Any CPU.Build.0 = Release|Any CPU
	EndGlobalSection
	GlobalSection(SolutionProperties) = preSolution
		HideSolutionNode = FALSE
	EndGlobalSection
	GlobalSection(ExtensibilityGlobals) = postSolution
		SolutionGuid = {4681068D-93C5-498A-86D4-2CFCE5A7720B}
	EndGlobalSection
EndGlobal
