
Microsoft Visual Studio Solution File, Format Version 12.00
# Visual Studio Version 17
VisualStudioVersion = 17.5.33414.496
MinimumVisualStudioVersion = 10.0.40219.1
Project("{FAE04EC0-301F-11D3-BF4B-00C04F79EFBC}") = "Class10_OptionalNamedDemo", "Class10_OptionalNamedDemo\Class10_OptionalNamedDemo.csproj", "{A52CF9CA-65EC-4F23-8E73-95579621C688}"
EndProject
Global
	GlobalSection(SolutionConfigurationPlatforms) = preSolution
		Debug|Any CPU = Debug|Any CPU
		Release|Any CPU = Release|Any CPU
	EndGlobalSection
	GlobalSection(ProjectConfigurationPlatforms) = postSolution
		{A52CF9CA-65EC-4F23-8E73-95579621C688}.Debug|Any CPU.ActiveCfg = Debug|Any CPU
		{A52CF9CA-65EC-4F23-8E73-95579621C688}.Debug|Any CPU.Build.0 = Debug|Any CPU
		{A52CF9CA-65EC-4F23-8E73-95579621C688}.Release|Any CPU.ActiveCfg = Release|Any CPU
		{A52CF9CA-65EC-4F23-8E73-95579621C688}.Release|Any CPU.Build.0 = Release|Any CPU
	EndGlobalSection
	GlobalSection(SolutionProperties) = preSolution
		HideSolutionNode = FALSE
	EndGlobalSection
	GlobalSection(ExtensibilityGlobals) = postSolution
		SolutionGuid = {90DAC012-BD3C-4B6B-8635-8B5E9CBE00F1}
	EndGlobalSection
EndGlobal
