
Microsoft Visual Studio Solution File, Format Version 12.00
# Visual Studio Version 17
VisualStudioVersion = 17.5.33414.496
MinimumVisualStudioVersion = 10.0.40219.1
Project("{FAE04EC0-301F-11D3-BF4B-00C04F79EFBC}") = "Principles", "Principles\Principles.csproj", "{D80D4615-01E9-45DA-8F7B-5D5A6BB64EEE}"
EndProject
Global
	GlobalSection(SolutionConfigurationPlatforms) = preSolution
		Debug|Any CPU = Debug|Any CPU
		Release|Any CPU = Release|Any CPU
	EndGlobalSection
	GlobalSection(ProjectConfigurationPlatforms) = postSolution
		{D80D4615-01E9-45DA-8F7B-5D5A6BB64EEE}.Debug|Any CPU.ActiveCfg = Debug|Any CPU
		{D80D4615-01E9-45DA-8F7B-5D5A6BB64EEE}.Debug|Any CPU.Build.0 = Debug|Any CPU
		{D80D4615-01E9-45DA-8F7B-5D5A6BB64EEE}.Release|Any CPU.ActiveCfg = Release|Any CPU
		{D80D4615-01E9-45DA-8F7B-5D5A6BB64EEE}.Release|Any CPU.Build.0 = Release|Any CPU
	EndGlobalSection
	GlobalSection(SolutionProperties) = preSolution
		HideSolutionNode = FALSE
	EndGlobalSection
	GlobalSection(ExtensibilityGlobals) = postSolution
		SolutionGuid = {F0B3EB58-223E-4308-AE80-CEF36680A890}
	EndGlobalSection
EndGlobal
