
Microsoft Visual Studio Solution File, Format Version 12.00
# Visual Studio Version 17
VisualStudioVersion = 17.5.33516.290
MinimumVisualStudioVersion = 10.0.40219.1
Project("{FAE04EC0-301F-11D3-BF4B-00C04F79EFBC}") = "Polymorphism", "Polymorphism\Polymorphism.csproj", "{3C6F80D3-A9D7-4FAA-B1E4-1810E4CEE9B0}"
EndProject
Global
	GlobalSection(SolutionConfigurationPlatforms) = preSolution
		Debug|Any CPU = Debug|Any CPU
		Release|Any CPU = Release|Any CPU
	EndGlobalSection
	GlobalSection(ProjectConfigurationPlatforms) = postSolution
		{3C6F80D3-A9D7-4FAA-B1E4-1810E4CEE9B0}.Debug|Any CPU.ActiveCfg = Debug|Any CPU
		{3C6F80D3-A9D7-4FAA-B1E4-1810E4CEE9B0}.Debug|Any CPU.Build.0 = Debug|Any CPU
		{3C6F80D3-A9D7-4FAA-B1E4-1810E4CEE9B0}.Release|Any CPU.ActiveCfg = Release|Any CPU
		{3C6F80D3-A9D7-4FAA-B1E4-1810E4CEE9B0}.Release|Any CPU.Build.0 = Release|Any CPU
	EndGlobalSection
	GlobalSection(SolutionProperties) = preSolution
		HideSolutionNode = FALSE
	EndGlobalSection
	GlobalSection(ExtensibilityGlobals) = postSolution
		SolutionGuid = {474D6467-BF12-4D54-BCFD-E387D6119305}
	EndGlobalSection
EndGlobal
