
Microsoft Visual Studio Solution File, Format Version 12.00
# Visual Studio Version 17
VisualStudioVersion = 17.5.33516.290
MinimumVisualStudioVersion = 10.0.40219.1
Project("{FAE04EC0-301F-11D3-BF4B-00C04F79EFBC}") = "SEDC.Class06.AnonymousMethods", "SEDC.Class06.AnonymousMethods\SEDC.Class06.AnonymousMethods.csproj", "{8AC2E868-EB56-46F2-BB86-D804A98B9BEC}"
EndProject
Project("{FAE04EC0-301F-11D3-BF4B-00C04F79EFBC}") = "SEDC.Class06.LINQ", "SEDC.Class06.LINQ\SEDC.Class06.LINQ.csproj", "{2B3E487D-C35D-402C-9E53-A4DA181A5C61}"
EndProject
Project("{FAE04EC0-301F-11D3-BF4B-00C04F79EFBC}") = "SEDC.Class06.Domain", "SEDC.Class06.Domain\SEDC.Class06.Domain.csproj", "{30006242-7B4D-4FFB-B108-C0E96B6894D8}"
EndProject
Global
	GlobalSection(SolutionConfigurationPlatforms) = preSolution
		Debug|Any CPU = Debug|Any CPU
		Release|Any CPU = Release|Any CPU
	EndGlobalSection
	GlobalSection(ProjectConfigurationPlatforms) = postSolution
		{8AC2E868-EB56-46F2-BB86-D804A98B9BEC}.Debug|Any CPU.ActiveCfg = Debug|Any CPU
		{8AC2E868-EB56-46F2-BB86-D804A98B9BEC}.Debug|Any CPU.Build.0 = Debug|Any CPU
		{8AC2E868-EB56-46F2-BB86-D804A98B9BEC}.Release|Any CPU.ActiveCfg = Release|Any CPU
		{8AC2E868-EB56-46F2-BB86-D804A98B9BEC}.Release|Any CPU.Build.0 = Release|Any CPU
		{2B3E487D-C35D-402C-9E53-A4DA181A5C61}.Debug|Any CPU.ActiveCfg = Debug|Any CPU
		{2B3E487D-C35D-402C-9E53-A4DA181A5C61}.Debug|Any CPU.Build.0 = Debug|Any CPU
		{2B3E487D-C35D-402C-9E53-A4DA181A5C61}.Release|Any CPU.ActiveCfg = Release|Any CPU
		{2B3E487D-C35D-402C-9E53-A4DA181A5C61}.Release|Any CPU.Build.0 = Release|Any CPU
		{30006242-7B4D-4FFB-B108-C0E96B6894D8}.Debug|Any CPU.ActiveCfg = Debug|Any CPU
		{30006242-7B4D-4FFB-B108-C0E96B6894D8}.Debug|Any CPU.Build.0 = Debug|Any CPU
		{30006242-7B4D-4FFB-B108-C0E96B6894D8}.Release|Any CPU.ActiveCfg = Release|Any CPU
		{30006242-7B4D-4FFB-B108-C0E96B6894D8}.Release|Any CPU.Build.0 = Release|Any CPU
	EndGlobalSection
	GlobalSection(SolutionProperties) = preSolution
		HideSolutionNode = FALSE
	EndGlobalSection
	GlobalSection(ExtensibilityGlobals) = postSolution
		SolutionGuid = {80DD7C42-E8B5-4F3A-A9A0-AE2F776DCAD6}
	EndGlobalSection
EndGlobal
