
Microsoft Visual Studio Solution File, Format Version 12.00
# Visual Studio Version 17
VisualStudioVersion = 17.5.33414.496
MinimumVisualStudioVersion = 10.0.40219.1
Project("{FAE04EC0-301F-11D3-BF4B-00C04F79EFBC}") = "Interfaces_Demo", "Interfaces_Demo\Interfaces_Demo.csproj", "{A26B4FCD-C771-40DD-B9A1-66DA8F7191FE}"
EndProject
Project("{FAE04EC0-301F-11D3-BF4B-00C04F79EFBC}") = "Domain", "Domain\Domain.csproj", "{00A4688A-CBB4-47EB-99EA-4F059FAAEC42}"
EndProject
Global
	GlobalSection(SolutionConfigurationPlatforms) = preSolution
		Debug|Any CPU = Debug|Any CPU
		Release|Any CPU = Release|Any CPU
	EndGlobalSection
	GlobalSection(ProjectConfigurationPlatforms) = postSolution
		{A26B4FCD-C771-40DD-B9A1-66DA8F7191FE}.Debug|Any CPU.ActiveCfg = Debug|Any CPU
		{A26B4FCD-C771-40DD-B9A1-66DA8F7191FE}.Debug|Any CPU.Build.0 = Debug|Any CPU
		{A26B4FCD-C771-40DD-B9A1-66DA8F7191FE}.Release|Any CPU.ActiveCfg = Release|Any CPU
		{A26B4FCD-C771-40DD-B9A1-66DA8F7191FE}.Release|Any CPU.Build.0 = Release|Any CPU
		{00A4688A-CBB4-47EB-99EA-4F059FAAEC42}.Debug|Any CPU.ActiveCfg = Debug|Any CPU
		{00A4688A-CBB4-47EB-99EA-4F059FAAEC42}.Debug|Any CPU.Build.0 = Debug|Any CPU
		{00A4688A-CBB4-47EB-99EA-4F059FAAEC42}.Release|Any CPU.ActiveCfg = Release|Any CPU
		{00A4688A-CBB4-47EB-99EA-4F059FAAEC42}.Release|Any CPU.Build.0 = Release|Any CPU
	EndGlobalSection
	GlobalSection(SolutionProperties) = preSolution
		HideSolutionNode = FALSE
	EndGlobalSection
	GlobalSection(ExtensibilityGlobals) = postSolution
		SolutionGuid = {64F786AF-2587-46F0-ADA3-EF1F1F0BF323}
	EndGlobalSection
EndGlobal
