
Microsoft Visual Studio Solution File, Format Version 12.00
# Visual Studio Version 17
VisualStudioVersion = 17.5.33516.290
MinimumVisualStudioVersion = 10.0.40219.1
Project("{FAE04EC0-301F-11D3-BF4B-00C04F79EFBC}") = "SEDC.Class03.Polymorphism", "SEDC.Class03.Polymorphism\SEDC.Class03.Polymorphism.csproj", "{415431CB-E545-411B-A969-5B65CD14A99F}"
EndProject
Project("{FAE04EC0-301F-11D3-BF4B-00C04F79EFBC}") = "SEDC.Class03.Domain", "SEDC.Class03.Domain\SEDC.Class03.Domain.csproj", "{DB82B7D8-E9F4-4130-87B2-5C78363D1B17}"
EndProject
Project("{FAE04EC0-301F-11D3-BF4B-00C04F79EFBC}") = "SEDC.Class03.PartialClasses", "SEDC.Class03.PartialClasses\SEDC.Class03.PartialClasses.csproj", "{806A463F-2A59-4C76-87BB-63DCCD53BE15}"
EndProject
Global
	GlobalSection(SolutionConfigurationPlatforms) = preSolution
		Debug|Any CPU = Debug|Any CPU
		Release|Any CPU = Release|Any CPU
	EndGlobalSection
	GlobalSection(ProjectConfigurationPlatforms) = postSolution
		{415431CB-E545-411B-A969-5B65CD14A99F}.Debug|Any CPU.ActiveCfg = Debug|Any CPU
		{415431CB-E545-411B-A969-5B65CD14A99F}.Debug|Any CPU.Build.0 = Debug|Any CPU
		{415431CB-E545-411B-A969-5B65CD14A99F}.Release|Any CPU.ActiveCfg = Release|Any CPU
		{415431CB-E545-411B-A969-5B65CD14A99F}.Release|Any CPU.Build.0 = Release|Any CPU
		{DB82B7D8-E9F4-4130-87B2-5C78363D1B17}.Debug|Any CPU.ActiveCfg = Debug|Any CPU
		{DB82B7D8-E9F4-4130-87B2-5C78363D1B17}.Debug|Any CPU.Build.0 = Debug|Any CPU
		{DB82B7D8-E9F4-4130-87B2-5C78363D1B17}.Release|Any CPU.ActiveCfg = Release|Any CPU
		{DB82B7D8-E9F4-4130-87B2-5C78363D1B17}.Release|Any CPU.Build.0 = Release|Any CPU
		{806A463F-2A59-4C76-87BB-63DCCD53BE15}.Debug|Any CPU.ActiveCfg = Debug|Any CPU
		{806A463F-2A59-4C76-87BB-63DCCD53BE15}.Debug|Any CPU.Build.0 = Debug|Any CPU
		{806A463F-2A59-4C76-87BB-63DCCD53BE15}.Release|Any CPU.ActiveCfg = Release|Any CPU
		{806A463F-2A59-4C76-87BB-63DCCD53BE15}.Release|Any CPU.Build.0 = Release|Any CPU
	EndGlobalSection
	GlobalSection(SolutionProperties) = preSolution
		HideSolutionNode = FALSE
	EndGlobalSection
	GlobalSection(ExtensibilityGlobals) = postSolution
		SolutionGuid = {FB8060BD-D13E-4171-98E5-0C8848BEC0C0}
	EndGlobalSection
EndGlobal
