
Microsoft Visual Studio Solution File, Format Version 12.00
# Visual Studio Version 17
VisualStudioVersion = 17.5.33414.496
MinimumVisualStudioVersion = 10.0.40219.1
Project("{FAE04EC0-301F-11D3-BF4B-00C04F79EFBC}") = "Class15_EventsDemo", "Class15_EventsDemo\Class15_EventsDemo.csproj", "{3EB5BF6B-7182-4ED7-B3CA-2C2C8F4BF68B}"
EndProject
Global
	GlobalSection(SolutionConfigurationPlatforms) = preSolution
		Debug|Any CPU = Debug|Any CPU
		Release|Any CPU = Release|Any CPU
	EndGlobalSection
	GlobalSection(ProjectConfigurationPlatforms) = postSolution
		{3EB5BF6B-7182-4ED7-B3CA-2C2C8F4BF68B}.Debug|Any CPU.ActiveCfg = Debug|Any CPU
		{3EB5BF6B-7182-4ED7-B3CA-2C2C8F4BF68B}.Debug|Any CPU.Build.0 = Debug|Any CPU
		{3EB5BF6B-7182-4ED7-B3CA-2C2C8F4BF68B}.Release|Any CPU.ActiveCfg = Release|Any CPU
		{3EB5BF6B-7182-4ED7-B3CA-2C2C8F4BF68B}.Release|Any CPU.Build.0 = Release|Any CPU
	EndGlobalSection
	GlobalSection(SolutionProperties) = preSolution
		HideSolutionNode = FALSE
	EndGlobalSection
	GlobalSection(ExtensibilityGlobals) = postSolution
		SolutionGuid = {CF45FF08-03A4-4E87-A19D-1B9502D90E96}
	EndGlobalSection
EndGlobal
