
Microsoft Visual Studio Solution File, Format Version 12.00
# Visual Studio Version 17
VisualStudioVersion = 17.5.33414.496
MinimumVisualStudioVersion = 10.0.40219.1
Project("{FAE04EC0-301F-11D3-BF4B-00C04F79EFBC}") = "TryBeingFit.App", "TryBeingFit.App\TryBeingFit.App.csproj", "{9AD3A46B-2280-471B-917F-3274128D6553}"
EndProject
Project("{FAE04EC0-301F-11D3-BF4B-00C04F79EFBC}") = "TryBeingFit.Models", "TryBeingFit.Models\TryBeingFit.Models.csproj", "{28910B6E-1BB9-4E62-9C43-47E9CD336CB6}"
EndProject
Global
	GlobalSection(SolutionConfigurationPlatforms) = preSolution
		Debug|Any CPU = Debug|Any CPU
		Release|Any CPU = Release|Any CPU
	EndGlobalSection
	GlobalSection(ProjectConfigurationPlatforms) = postSolution
		{9AD3A46B-2280-471B-917F-3274128D6553}.Debug|Any CPU.ActiveCfg = Debug|Any CPU
		{9AD3A46B-2280-471B-917F-3274128D6553}.Debug|Any CPU.Build.0 = Debug|Any CPU
		{9AD3A46B-2280-471B-917F-3274128D6553}.Release|Any CPU.ActiveCfg = Release|Any CPU
		{9AD3A46B-2280-471B-917F-3274128D6553}.Release|Any CPU.Build.0 = Release|Any CPU
		{28910B6E-1BB9-4E62-9C43-47E9CD336CB6}.Debug|Any CPU.ActiveCfg = Debug|Any CPU
		{28910B6E-1BB9-4E62-9C43-47E9CD336CB6}.Debug|Any CPU.Build.0 = Debug|Any CPU
		{28910B6E-1BB9-4E62-9C43-47E9CD336CB6}.Release|Any CPU.ActiveCfg = Release|Any CPU
		{28910B6E-1BB9-4E62-9C43-47E9CD336CB6}.Release|Any CPU.Build.0 = Release|Any CPU
	EndGlobalSection
	GlobalSection(SolutionProperties) = preSolution
		HideSolutionNode = FALSE
	EndGlobalSection
	GlobalSection(ExtensibilityGlobals) = postSolution
		SolutionGuid = {EA809CBB-CF85-4DF4-BAC9-698593635CA2}
	EndGlobalSection
EndGlobal
