
Microsoft Visual Studio Solution File, Format Version 12.00
# Visual Studio Version 17
VisualStudioVersion = 17.5.33414.496
MinimumVisualStudioVersion = 10.0.40219.1
Project("{FAE04EC0-301F-11D3-BF4B-00C04F79EFBC}") = "GoodPractices", "GoodPractices\GoodPractices.csproj", "{AD03FACF-2CEB-4285-B109-09E457A428EB}"
EndProject
Global
	GlobalSection(SolutionConfigurationPlatforms) = preSolution
		Debug|Any CPU = Debug|Any CPU
		Release|Any CPU = Release|Any CPU
	EndGlobalSection
	GlobalSection(ProjectConfigurationPlatforms) = postSolution
		{AD03FACF-2CEB-4285-B109-09E457A428EB}.Debug|Any CPU.ActiveCfg = Debug|Any CPU
		{AD03FACF-2CEB-4285-B109-09E457A428EB}.Debug|Any CPU.Build.0 = Debug|Any CPU
		{AD03FACF-2CEB-4285-B109-09E457A428EB}.Release|Any CPU.ActiveCfg = Release|Any CPU
		{AD03FACF-2CEB-4285-B109-09E457A428EB}.Release|Any CPU.Build.0 = Release|Any CPU
	EndGlobalSection
	GlobalSection(SolutionProperties) = preSolution
		HideSolutionNode = FALSE
	EndGlobalSection
	GlobalSection(ExtensibilityGlobals) = postSolution
		SolutionGuid = {1B56555B-7790-404C-9B67-4C1A4B7BD3E2}
	EndGlobalSection
EndGlobal
