
Microsoft Visual Studio Solution File, Format Version 12.00
# Visual Studio Version 17
VisualStudioVersion = 17.2.32602.215
MinimumVisualStudioVersion = 10.0.40219.1
Project("{FAE04EC0-301F-11D3-BF4B-00C04F79EFBC}") = "Exercise", "Exercise\Exercise.csproj", "{8F505F74-C9AC-4EF5-88B3-17EC5CB889F2}"
EndProject
Project("{FAE04EC0-301F-11D3-BF4B-00C04F79EFBC}") = "StaticClasses", "StaticClasses\StaticClasses.csproj", "{9DC7A6EA-2AA5-4AF7-9397-2F76212B282A}"
EndProject
Project("{FAE04EC0-301F-11D3-BF4B-00C04F79EFBC}") = "Polymorphism", "Polymorphism\Polymorphism.csproj", "{FDDBD130-C2BB-43C3-A89A-203AC48ADDB6}"
EndProject
Global
	GlobalSection(SolutionConfigurationPlatforms) = preSolution
		Debug|Any CPU = Debug|Any CPU
		Release|Any CPU = Release|Any CPU
	EndGlobalSection
	GlobalSection(ProjectConfigurationPlatforms) = postSolution
		{8F505F74-C9AC-4EF5-88B3-17EC5CB889F2}.Debug|Any CPU.ActiveCfg = Debug|Any CPU
		{8F505F74-C9AC-4EF5-88B3-17EC5CB889F2}.Debug|Any CPU.Build.0 = Debug|Any CPU
		{8F505F74-C9AC-4EF5-88B3-17EC5CB889F2}.Release|Any CPU.ActiveCfg = Release|Any CPU
		{8F505F74-C9AC-4EF5-88B3-17EC5CB889F2}.Release|Any CPU.Build.0 = Release|Any CPU
		{9DC7A6EA-2AA5-4AF7-9397-2F76212B282A}.Debug|Any CPU.ActiveCfg = Debug|Any CPU
		{9DC7A6EA-2AA5-4AF7-9397-2F76212B282A}.Debug|Any CPU.Build.0 = Debug|Any CPU
		{9DC7A6EA-2AA5-4AF7-9397-2F76212B282A}.Release|Any CPU.ActiveCfg = Release|Any CPU
		{9DC7A6EA-2AA5-4AF7-9397-2F76212B282A}.Release|Any CPU.Build.0 = Release|Any CPU
		{FDDBD130-C2BB-43C3-A89A-203AC48ADDB6}.Debug|Any CPU.ActiveCfg = Debug|Any CPU
		{FDDBD130-C2BB-43C3-A89A-203AC48ADDB6}.Debug|Any CPU.Build.0 = Debug|Any CPU
		{FDDBD130-C2BB-43C3-A89A-203AC48ADDB6}.Release|Any CPU.ActiveCfg = Release|Any CPU
		{FDDBD130-C2BB-43C3-A89A-203AC48ADDB6}.Release|Any CPU.Build.0 = Release|Any CPU
	EndGlobalSection
	GlobalSection(SolutionProperties) = preSolution
		HideSolutionNode = FALSE
	EndGlobalSection
	GlobalSection(ExtensibilityGlobals) = postSolution
		SolutionGuid = {EFE9C941-1965-4E2E-B7C0-EAC4807C3807}
	EndGlobalSection
EndGlobal
