
Microsoft Visual Studio Solution File, Format Version 12.00
# Visual Studio Version 17
VisualStudioVersion = 17.5.33516.290
MinimumVisualStudioVersion = 10.0.40219.1
Project("{9A19103F-16F7-4668-BE54-9A1E7A4F7556}") = "QuizApp", "QuizApp\QuizApp.csproj", "{69B5530A-C2A8-4B70-8719-9E26DBD5B13C}"
EndProject
Project("{9A19103F-16F7-4668-BE54-9A1E7A4F7556}") = "QuizApp.Domain", "QuizApp.Domain\QuizApp.Domain.csproj", "{E15DB3D7-6811-47CA-95C3-58699AE05D11}"
EndProject
Project("{FAE04EC0-301F-11D3-BF4B-00C04F79EFBC}") = "QuizApp.Services", "QuizApp.Services\QuizApp.Services.csproj", "{2A5AD43E-9F0E-4758-B7F0-827A34662D9A}"
EndProject
Global
	GlobalSection(SolutionConfigurationPlatforms) = preSolution
		Debug|Any CPU = Debug|Any CPU
		Release|Any CPU = Release|Any CPU
	EndGlobalSection
	GlobalSection(ProjectConfigurationPlatforms) = postSolution
		{69B5530A-C2A8-4B70-8719-9E26DBD5B13C}.Debug|Any CPU.ActiveCfg = Debug|Any CPU
		{69B5530A-C2A8-4B70-8719-9E26DBD5B13C}.Debug|Any CPU.Build.0 = Debug|Any CPU
		{69B5530A-C2A8-4B70-8719-9E26DBD5B13C}.Release|Any CPU.ActiveCfg = Release|Any CPU
		{69B5530A-C2A8-4B70-8719-9E26DBD5B13C}.Release|Any CPU.Build.0 = Release|Any CPU
		{E15DB3D7-6811-47CA-95C3-58699AE05D11}.Debug|Any CPU.ActiveCfg = Debug|Any CPU
		{E15DB3D7-6811-47CA-95C3-58699AE05D11}.Debug|Any CPU.Build.0 = Debug|Any CPU
		{E15DB3D7-6811-47CA-95C3-58699AE05D11}.Release|Any CPU.ActiveCfg = Release|Any CPU
		{E15DB3D7-6811-47CA-95C3-58699AE05D11}.Release|Any CPU.Build.0 = Release|Any CPU
		{2A5AD43E-9F0E-4758-B7F0-827A34662D9A}.Debug|Any CPU.ActiveCfg = Debug|Any CPU
		{2A5AD43E-9F0E-4758-B7F0-827A34662D9A}.Debug|Any CPU.Build.0 = Debug|Any CPU
		{2A5AD43E-9F0E-4758-B7F0-827A34662D9A}.Release|Any CPU.ActiveCfg = Release|Any CPU
		{2A5AD43E-9F0E-4758-B7F0-827A34662D9A}.Release|Any CPU.Build.0 = Release|Any CPU
	EndGlobalSection
	GlobalSection(SolutionProperties) = preSolution
		HideSolutionNode = FALSE
	EndGlobalSection
	GlobalSection(ExtensibilityGlobals) = postSolution
		SolutionGuid = {DFE102F5-A5D4-4CA4-8ECE-741DD2C941DA}
	EndGlobalSection
EndGlobal
