
Microsoft Visual Studio Solution File, Format Version 12.00
# Visual Studio Version 17
VisualStudioVersion = 17.2.32630.192
MinimumVisualStudioVersion = 10.0.40219.1
Project("{FAE04EC0-301F-11D3-BF4B-00C04F79EFBC}") = "SEDC.Class07.Delegate", "SEDC.Class07.Delegate\SEDC.Class07.Delegate.csproj", "{3413AC8D-5397-4CC3-8833-679BABC73133}"
EndProject
Global
	GlobalSection(SolutionConfigurationPlatforms) = preSolution
		Debug|Any CPU = Debug|Any CPU
		Release|Any CPU = Release|Any CPU
	EndGlobalSection
	GlobalSection(ProjectConfigurationPlatforms) = postSolution
		{3413AC8D-5397-4CC3-8833-679BABC73133}.Debug|Any CPU.ActiveCfg = Debug|Any CPU
		{3413AC8D-5397-4CC3-8833-679BABC73133}.Debug|Any CPU.Build.0 = Debug|Any CPU
		{3413AC8D-5397-4CC3-8833-679BABC73133}.Release|Any CPU.ActiveCfg = Release|Any CPU
		{3413AC8D-5397-4CC3-8833-679BABC73133}.Release|Any CPU.Build.0 = Release|Any CPU
	EndGlobalSection
	GlobalSection(SolutionProperties) = preSolution
		HideSolutionNode = FALSE
	EndGlobalSection
	GlobalSection(ExtensibilityGlobals) = postSolution
		SolutionGuid = {A6203AB8-4B4E-4328-9255-33B42C07B568}
	EndGlobalSection
EndGlobal
