
Microsoft Visual Studio Solution File, Format Version 12.00
# Visual Studio Version 17
VisualStudioVersion = 17.5.33424.131
MinimumVisualStudioVersion = 10.0.40219.1
Project("{FAE04EC0-301F-11D3-BF4B-00C04F79EFBC}") = "WorkingWithStreams", "WorkingWithStreams\WorkingWithStreams.csproj", "{18276070-6F56-4FFE-BDF3-695BDF71DB3E}"
EndProject
Global
	GlobalSection(SolutionConfigurationPlatforms) = preSolution
		Debug|Any CPU = Debug|Any CPU
		Release|Any CPU = Release|Any CPU
	EndGlobalSection
	GlobalSection(ProjectConfigurationPlatforms) = postSolution
		{18276070-6F56-4FFE-BDF3-695BDF71DB3E}.Debug|Any CPU.ActiveCfg = Debug|Any CPU
		{18276070-6F56-4FFE-BDF3-695BDF71DB3E}.Debug|Any CPU.Build.0 = Debug|Any CPU
		{18276070-6F56-4FFE-BDF3-695BDF71DB3E}.Release|Any CPU.ActiveCfg = Release|Any CPU
		{18276070-6F56-4FFE-BDF3-695BDF71DB3E}.Release|Any CPU.Build.0 = Release|Any CPU
	EndGlobalSection
	GlobalSection(SolutionProperties) = preSolution
		HideSolutionNode = FALSE
	EndGlobalSection
	GlobalSection(ExtensibilityGlobals) = postSolution
		SolutionGuid = {53061FBB-7686-422C-836D-DC2E6E7DB910}
	EndGlobalSection
EndGlobal
