
Microsoft Visual Studio Solution File, Format Version 12.00
# Visual Studio Version 17
VisualStudioVersion = 17.2.32630.192
MinimumVisualStudioVersion = 10.0.40219.1
Project("{FAE04EC0-301F-11D3-BF4B-00C04F79EFBC}") = "SEDC.AbstractClassesAndInterfaces.Domain", "SEDC.AbstractClassesAndInterfaces.Domain\SEDC.AbstractClassesAndInterfaces.Domain.csproj", "{A68233C0-1D02-4B8F-B6D4-9921CB866091}"
EndProject
Project("{FAE04EC0-301F-11D3-BF4B-00C04F79EFBC}") = "SEDC.AbstractClassesAndInterfaces", "SEDC.AbstractClassesAndInterfaces\SEDC.AbstractClassesAndInterfaces.csproj", "{DE8A868E-B111-49A2-A84D-E44324D98A93}"
EndProject
Global
	GlobalSection(SolutionConfigurationPlatforms) = preSolution
		Debug|Any CPU = Debug|Any CPU
		Release|Any CPU = Release|Any CPU
	EndGlobalSection
	GlobalSection(ProjectConfigurationPlatforms) = postSolution
		{A68233C0-1D02-4B8F-B6D4-9921CB866091}.Debug|Any CPU.ActiveCfg = Debug|Any CPU
		{A68233C0-1D02-4B8F-B6D4-9921CB866091}.Debug|Any CPU.Build.0 = Debug|Any CPU
		{A68233C0-1D02-4B8F-B6D4-9921CB866091}.Release|Any CPU.ActiveCfg = Release|Any CPU
		{A68233C0-1D02-4B8F-B6D4-9921CB866091}.Release|Any CPU.Build.0 = Release|Any CPU
		{DE8A868E-B111-49A2-A84D-E44324D98A93}.Debug|Any CPU.ActiveCfg = Debug|Any CPU
		{DE8A868E-B111-49A2-A84D-E44324D98A93}.Debug|Any CPU.Build.0 = Debug|Any CPU
		{DE8A868E-B111-49A2-A84D-E44324D98A93}.Release|Any CPU.ActiveCfg = Release|Any CPU
		{DE8A868E-B111-49A2-A84D-E44324D98A93}.Release|Any CPU.Build.0 = Release|Any CPU
	EndGlobalSection
	GlobalSection(SolutionProperties) = preSolution
		HideSolutionNode = FALSE
	EndGlobalSection
	GlobalSection(ExtensibilityGlobals) = postSolution
		SolutionGuid = {548E947D-1ADF-489D-97B9-7FCBC059EFB5}
	EndGlobalSection
EndGlobal
