
Microsoft Visual Studio Solution File, Format Version 12.00
# Visual Studio Version 17
VisualStudioVersion = 17.5.33424.131
MinimumVisualStudioVersion = 10.0.40219.1
Project("{FAE04EC0-301F-11D3-BF4B-00C04F79EFBC}") = "Tasks", "Tasks\Tasks.csproj", "{E611FE37-DB6E-4728-AE75-9C245D038CEB}"
EndProject
Global
	GlobalSection(SolutionConfigurationPlatforms) = preSolution
		Debug|Any CPU = Debug|Any CPU
		Release|Any CPU = Release|Any CPU
	EndGlobalSection
	GlobalSection(ProjectConfigurationPlatforms) = postSolution
		{E611FE37-DB6E-4728-AE75-9C245D038CEB}.Debug|Any CPU.ActiveCfg = Debug|Any CPU
		{E611FE37-DB6E-4728-AE75-9C245D038CEB}.Debug|Any CPU.Build.0 = Debug|Any CPU
		{E611FE37-DB6E-4728-AE75-9C245D038CEB}.Release|Any CPU.ActiveCfg = Release|Any CPU
		{E611FE37-DB6E-4728-AE75-9C245D038CEB}.Release|Any CPU.Build.0 = Release|Any CPU
	EndGlobalSection
	GlobalSection(SolutionProperties) = preSolution
		HideSolutionNode = FALSE
	EndGlobalSection
	GlobalSection(ExtensibilityGlobals) = postSolution
		SolutionGuid = {672F3B48-B0CC-4D7F-BBF9-2CE5E2044E14}
	EndGlobalSection
EndGlobal
