
Microsoft Visual Studio Solution File, Format Version 12.00
# Visual Studio Version 17
VisualStudioVersion = 17.5.33516.290
MinimumVisualStudioVersion = 10.0.40219.1
Project("{9A19103F-16F7-4668-BE54-9A1E7A4F7556}") = "SOLID", "SOLID\SOLID.csproj", "{AC3E7061-F50B-4F48-9FBC-360FBCD749D3}"
EndProject
Project("{FAE04EC0-301F-11D3-BF4B-00C04F79EFBC}") = "Principles", "Principles\Principles.csproj", "{2863A0F0-F41C-4A69-9812-CAC58642AC2E}"
EndProject
Global
	GlobalSection(SolutionConfigurationPlatforms) = preSolution
		Debug|Any CPU = Debug|Any CPU
		Release|Any CPU = Release|Any CPU
	EndGlobalSection
	GlobalSection(ProjectConfigurationPlatforms) = postSolution
		{AC3E7061-F50B-4F48-9FBC-360FBCD749D3}.Debug|Any CPU.ActiveCfg = Debug|Any CPU
		{AC3E7061-F50B-4F48-9FBC-360FBCD749D3}.Debug|Any CPU.Build.0 = Debug|Any CPU
		{AC3E7061-F50B-4F48-9FBC-360FBCD749D3}.Release|Any CPU.ActiveCfg = Release|Any CPU
		{AC3E7061-F50B-4F48-9FBC-360FBCD749D3}.Release|Any CPU.Build.0 = Release|Any CPU
		{2863A0F0-F41C-4A69-9812-CAC58642AC2E}.Debug|Any CPU.ActiveCfg = Debug|Any CPU
		{2863A0F0-F41C-4A69-9812-CAC58642AC2E}.Debug|Any CPU.Build.0 = Debug|Any CPU
		{2863A0F0-F41C-4A69-9812-CAC58642AC2E}.Release|Any CPU.ActiveCfg = Release|Any CPU
		{2863A0F0-F41C-4A69-9812-CAC58642AC2E}.Release|Any CPU.Build.0 = Release|Any CPU
	EndGlobalSection
	GlobalSection(SolutionProperties) = preSolution
		HideSolutionNode = FALSE
	EndGlobalSection
	GlobalSection(ExtensibilityGlobals) = postSolution
		SolutionGuid = {DC968DF5-A782-4925-B3DA-CE87E95B0BD3}
	EndGlobalSection
EndGlobal
