
Microsoft Visual Studio Solution File, Format Version 12.00
# Visual Studio Version 17
VisualStudioVersion = 17.2.32602.215
MinimumVisualStudioVersion = 10.0.40219.1
Project("{9A19103F-16F7-4668-BE54-9A1E7A4F7556}") = "TaxiManagerApp9000.App", "TaxiManagerApp9000.App\TaxiManagerApp9000.App.csproj", "{0A0F02B9-827E-483F-AE02-954197D3252D}"
EndProject
Project("{9A19103F-16F7-4668-BE54-9A1E7A4F7556}") = "TaxiManagerApp9000.Services", "TaxiManagerApp9000.Services\TaxiManagerApp9000.Services.csproj", "{09027626-2963-4ED3-A2C5-88AF31645D27}"
EndProject
Project("{9A19103F-16F7-4668-BE54-9A1E7A4F7556}") = "TaxiManagerApp9000.DataAccess", "TaxiManagerApp9000.DataAccess\TaxiManagerApp9000.DataAccess.csproj", "{7446B711-ECC7-469F-A412-7F660B77D48F}"
EndProject
Project("{9A19103F-16F7-4668-BE54-9A1E7A4F7556}") = "TaxiManagerApp9000.Domain", "TaxiManagerApp9000.Domain\TaxiManagerApp9000.Domain.csproj", "{E58A70D6-ABEB-48B9-9A59-CD41DB2C42D6}"
EndProject
Project("{FAE04EC0-301F-11D3-BF4B-00C04F79EFBC}") = "TaxiManagerApp9000.Helpers", "TaxiManagerApp9000.Helpers\TaxiManagerApp9000.Helpers.csproj", "{FADB1120-920C-4729-AC14-969DA54003B7}"
EndProject
Global
	GlobalSection(SolutionConfigurationPlatforms) = preSolution
		Debug|Any CPU = Debug|Any CPU
		Release|Any CPU = Release|Any CPU
	EndGlobalSection
	GlobalSection(ProjectConfigurationPlatforms) = postSolution
		{0A0F02B9-827E-483F-AE02-954197D3252D}.Debug|Any CPU.ActiveCfg = Debug|Any CPU
		{0A0F02B9-827E-483F-AE02-954197D3252D}.Debug|Any CPU.Build.0 = Debug|Any CPU
		{0A0F02B9-827E-483F-AE02-954197D3252D}.Release|Any CPU.ActiveCfg = Release|Any CPU
		{0A0F02B9-827E-483F-AE02-954197D3252D}.Release|Any CPU.Build.0 = Release|Any CPU
		{09027626-2963-4ED3-A2C5-88AF31645D27}.Debug|Any CPU.ActiveCfg = Debug|Any CPU
		{09027626-2963-4ED3-A2C5-88AF31645D27}.Debug|Any CPU.Build.0 = Debug|Any CPU
		{09027626-2963-4ED3-A2C5-88AF31645D27}.Release|Any CPU.ActiveCfg = Release|Any CPU
		{09027626-2963-4ED3-A2C5-88AF31645D27}.Release|Any CPU.Build.0 = Release|Any CPU
		{7446B711-ECC7-469F-A412-7F660B77D48F}.Debug|Any CPU.ActiveCfg = Debug|Any CPU
		{7446B711-ECC7-469F-A412-7F660B77D48F}.Debug|Any CPU.Build.0 = Debug|Any CPU
		{7446B711-ECC7-469F-A412-7F660B77D48F}.Release|Any CPU.ActiveCfg = Release|Any CPU
		{7446B711-ECC7-469F-A412-7F660B77D48F}.Release|Any CPU.Build.0 = Release|Any CPU
		{E58A70D6-ABEB-48B9-9A59-CD41DB2C42D6}.Debug|Any CPU.ActiveCfg = Debug|Any CPU
		{E58A70D6-ABEB-48B9-9A59-CD41DB2C42D6}.Debug|Any CPU.Build.0 = Debug|Any CPU
		{E58A70D6-ABEB-48B9-9A59-CD41DB2C42D6}.Release|Any CPU.ActiveCfg = Release|Any CPU
		{E58A70D6-ABEB-48B9-9A59-CD41DB2C42D6}.Release|Any CPU.Build.0 = Release|Any CPU
		{FADB1120-920C-4729-AC14-969DA54003B7}.Debug|Any CPU.ActiveCfg = Debug|Any CPU
		{FADB1120-920C-4729-AC14-969DA54003B7}.Debug|Any CPU.Build.0 = Debug|Any CPU
		{FADB1120-920C-4729-AC14-969DA54003B7}.Release|Any CPU.ActiveCfg = Release|Any CPU
		{FADB1120-920C-4729-AC14-969DA54003B7}.Release|Any CPU.Build.0 = Release|Any CPU
	EndGlobalSection
	GlobalSection(SolutionProperties) = preSolution
		HideSolutionNode = FALSE
	EndGlobalSection
	GlobalSection(ExtensibilityGlobals) = postSolution
		SolutionGuid = {D301A3DF-88B2-4FC4-ACC9-1F4545A16D3B}
	EndGlobalSection
EndGlobal
