
Microsoft Visual Studio Solution File, Format Version 12.00
# Visual Studio Version 17
VisualStudioVersion = 17.5.33516.290
MinimumVisualStudioVersion = 10.0.40219.1
Project("{FAE04EC0-301F-11D3-BF4B-00C04F79EFBC}") = "Disposable", "Disposable\Disposable.csproj", "{48DDF802-CC75-49EF-9BF3-3E94BC4E7669}"
EndProject
Global
	GlobalSection(SolutionConfigurationPlatforms) = preSolution
		Debug|Any CPU = Debug|Any CPU
		Release|Any CPU = Release|Any CPU
	EndGlobalSection
	GlobalSection(ProjectConfigurationPlatforms) = postSolution
		{48DDF802-CC75-49EF-9BF3-3E94BC4E7669}.Debug|Any CPU.ActiveCfg = Debug|Any CPU
		{48DDF802-CC75-49EF-9BF3-3E94BC4E7669}.Debug|Any CPU.Build.0 = Debug|Any CPU
		{48DDF802-CC75-49EF-9BF3-3E94BC4E7669}.Release|Any CPU.ActiveCfg = Release|Any CPU
		{48DDF802-CC75-49EF-9BF3-3E94BC4E7669}.Release|Any CPU.Build.0 = Release|Any CPU
	EndGlobalSection
	GlobalSection(SolutionProperties) = preSolution
		HideSolutionNode = FALSE
	EndGlobalSection
	GlobalSection(ExtensibilityGlobals) = postSolution
		SolutionGuid = {D757B489-2C3E-4D90-AF96-CBF4395D4E10}
	EndGlobalSection
EndGlobal
