
Microsoft Visual Studio Solution File, Format Version 12.00
# Visual Studio Version 17
VisualStudioVersion = 17.5.33516.290
MinimumVisualStudioVersion = 10.0.40219.1
Project("{FAE04EC0-301F-11D3-BF4B-00C04F79EFBC}") = "FileStreams", "FileStreams\FileStreams.csproj", "{278DEAAB-AC0E-46E6-A106-C9620B30C72B}"
EndProject
Global
	GlobalSection(SolutionConfigurationPlatforms) = preSolution
		Debug|Any CPU = Debug|Any CPU
		Release|Any CPU = Release|Any CPU
	EndGlobalSection
	GlobalSection(ProjectConfigurationPlatforms) = postSolution
		{278DEAAB-AC0E-46E6-A106-C9620B30C72B}.Debug|Any CPU.ActiveCfg = Debug|Any CPU
		{278DEAAB-AC0E-46E6-A106-C9620B30C72B}.Debug|Any CPU.Build.0 = Debug|Any CPU
		{278DEAAB-AC0E-46E6-A106-C9620B30C72B}.Release|Any CPU.ActiveCfg = Release|Any CPU
		{278DEAAB-AC0E-46E6-A106-C9620B30C72B}.Release|Any CPU.Build.0 = Release|Any CPU
	EndGlobalSection
	GlobalSection(SolutionProperties) = preSolution
		HideSolutionNode = FALSE
	EndGlobalSection
	GlobalSection(ExtensibilityGlobals) = postSolution
		SolutionGuid = {F470E240-F426-4D17-8C5A-1B0E508E6C0F}
	EndGlobalSection
EndGlobal
