
Microsoft Visual Studio Solution File, Format Version 12.00
# Visual Studio Version 17
VisualStudioVersion = 17.5.33516.290
MinimumVisualStudioVersion = 10.0.40219.1
Project("{FAE04EC0-301F-11D3-BF4B-00C04F79EFBC}") = "Structs", "Structs\Structs.csproj", "{205AFE5D-29D9-4FF0-92F4-419437940508}"
EndProject
Global
	GlobalSection(SolutionConfigurationPlatforms) = preSolution
		Debug|Any CPU = Debug|Any CPU
		Release|Any CPU = Release|Any CPU
	EndGlobalSection
	GlobalSection(ProjectConfigurationPlatforms) = postSolution
		{205AFE5D-29D9-4FF0-92F4-419437940508}.Debug|Any CPU.ActiveCfg = Debug|Any CPU
		{205AFE5D-29D9-4FF0-92F4-419437940508}.Debug|Any CPU.Build.0 = Debug|Any CPU
		{205AFE5D-29D9-4FF0-92F4-419437940508}.Release|Any CPU.ActiveCfg = Release|Any CPU
		{205AFE5D-29D9-4FF0-92F4-419437940508}.Release|Any CPU.Build.0 = Release|Any CPU
	EndGlobalSection
	GlobalSection(SolutionProperties) = preSolution
		HideSolutionNode = FALSE
	EndGlobalSection
	GlobalSection(ExtensibilityGlobals) = postSolution
		SolutionGuid = {41C16E98-CF47-49C1-A7B4-08035DE71424}
	EndGlobalSection
EndGlobal
