
Microsoft Visual Studio Solution File, Format Version 12.00
# Visual Studio Version 17
VisualStudioVersion = 17.5.33424.131
MinimumVisualStudioVersion = 10.0.40219.1
Project("{FAE04EC0-301F-11D3-BF4B-00C04F79EFBC}") = "DisposingClasses", "DisposingClasses\DisposingClasses.csproj", "{E00F21F9-4AB0-4FAD-91A5-2D520032BFD7}"
EndProject
Global
	GlobalSection(SolutionConfigurationPlatforms) = preSolution
		Debug|Any CPU = Debug|Any CPU
		Release|Any CPU = Release|Any CPU
	EndGlobalSection
	GlobalSection(ProjectConfigurationPlatforms) = postSolution
		{E00F21F9-4AB0-4FAD-91A5-2D520032BFD7}.Debug|Any CPU.ActiveCfg = Debug|Any CPU
		{E00F21F9-4AB0-4FAD-91A5-2D520032BFD7}.Debug|Any CPU.Build.0 = Debug|Any CPU
		{E00F21F9-4AB0-4FAD-91A5-2D520032BFD7}.Release|Any CPU.ActiveCfg = Release|Any CPU
		{E00F21F9-4AB0-4FAD-91A5-2D520032BFD7}.Release|Any CPU.Build.0 = Release|Any CPU
	EndGlobalSection
	GlobalSection(SolutionProperties) = preSolution
		HideSolutionNode = FALSE
	EndGlobalSection
	GlobalSection(ExtensibilityGlobals) = postSolution
		SolutionGuid = {AE2C3832-3ABB-47D2-899B-F371EB0C99B7}
	EndGlobalSection
EndGlobal
